// !$*UTF8*$!
{
	archiveVersion = 1;
	classes = {
	};
	objectVersion = 50;
	objects = {

/* Begin PBXBuildFile section */
		76236DB62460FA5E001F270C /* AppDelegate.swift in Sources */ = {isa = PBXBuildFile; fileRef = 76236DB52460FA5E001F270C /* AppDelegate.swift */; };
		76236DB82460FA5E001F270C /* SceneDelegate.swift in Sources */ = {isa = PBXBuildFile; fileRef = 76236DB72460FA5E001F270C /* SceneDelegate.swift */; };
		76236DBA2460FA5E001F270C /* ViewController.swift in Sources */ = {isa = PBXBuildFile; fileRef = 76236DB92460FA5E001F270C /* ViewController.swift */; };
		76236DBD2460FA5E001F270C /* Main.storyboard in Resources */ = {isa = PBXBuildFile; fileRef = 76236DBB2460FA5E001F270C /* Main.storyboard */; };
		76236DBF2460FA5F001F270C /* Assets.xcassets in Resources */ = {isa = PBXBuildFile; fileRef = 76236DBE2460FA5F001F270C /* Assets.xcassets */; };
		76236DC22460FA5F001F270C /* LaunchScreen.storyboard in Resources */ = {isa = PBXBuildFile; fileRef = 76236DC02460FA5F001F270C /* LaunchScreen.storyboard */; };
		76236DCD2460FA5F001F270C /* SellFinalProjectTests.swift in Sources */ = {isa = PBXBuildFile; fileRef = 76236DCC2460FA5F001F270C /* SellFinalProjectTests.swift */; };
		76236DD82460FA5F001F270C /* SellFinalProjectUITests.swift in Sources */ = {isa = PBXBuildFile; fileRef = 76236DD72460FA5F001F270C /* SellFinalProjectUITests.swift */; };
		76236DE724611524001F270C /* ViewControllerTab1.swift in Sources */ = {isa = PBXBuildFile; fileRef = 76236DE624611524001F270C /* ViewControllerTab1.swift */; };
		76236DE924611715001F270C /* flavor in Resources */ = {isa = PBXBuildFile; fileRef = 76236DE824611715001F270C /* flavor */; };
		76236DEB246117EE001F270C /* ViewControllerTab3.swift in Sources */ = {isa = PBXBuildFile; fileRef = 76236DEA246117EE001F270C /* ViewControllerTab3.swift */; };
		76236DED2461198A001F270C /* ViewControllerTab4.swift in Sources */ = {isa = PBXBuildFile; fileRef = 76236DEC2461198A001F270C /* ViewControllerTab4.swift */; };
/* End PBXBuildFile section */

/* Begin PBXContainerItemProxy section */
		76236DC92460FA5F001F270C /* PBXContainerItemProxy */ = {
			isa = PBXContainerItemProxy;
			containerPortal = 76236DAA2460FA5E001F270C /* Project object */;
			proxyType = 1;
			remoteGlobalIDString = 76236DB12460FA5E001F270C;
			remoteInfo = SellFinalProject;
		};
		76236DD42460FA5F001F270C /* PBXContainerItemProxy */ = {
			isa = PBXContainerItemProxy;
			containerPortal = 76236DAA2460FA5E001F270C /* Project object */;
			proxyType = 1;
			remoteGlobalIDString = 76236DB12460FA5E001F270C;
			remoteInfo = SellFinalProject;
		};
/* End PBXContainerItemProxy section */

/* Begin PBXFileReference section */
		76236DB22460FA5E001F270C /* SellFinalProject.app */ = {isa = PBXFileReference; explicitFileType = wrapper.application; includeInIndex = 0; path = SellFinalProject.app; sourceTree = BUILT_PRODUCTS_DIR; };
		76236DB52460FA5E001F270C /* AppDelegate.swift */ = {isa = PBXFileReference; lastKnownFileType = sourcecode.swift; path = AppDelegate.swift; sourceTree = "<group>"; };
		76236DB72460FA5E001F270C /* SceneDelegate.swift */ = {isa = PBXFileReference; lastKnownFileType = sourcecode.swift; path = SceneDelegate.swift; sourceTree = "<group>"; };
		76236DB92460FA5E001F270C /* ViewController.swift */ = {isa = PBXFileReference; lastKnownFileType = sourcecode.swift; path = ViewController.swift; sourceTree = "<group>"; };
		76236DBC2460FA5E001F270C /* Base */ = {isa = PBXFileReference; lastKnownFileType = file.storyboard; name = Base; path = Base.lproj/Main.storyboard; sourceTree = "<group>"; };
		76236DBE2460FA5F001F270C /* Assets.xcassets */ = {isa = PBXFileReference; lastKnownFileType = folder.assetcatalog; path = Assets.xcassets; sourceTree = "<group>"; };
		76236DC12460FA5F001F270C /* Base */ = {isa = PBXFileReference; lastKnownFileType = file.storyboard; name = Base; path = Base.lproj/LaunchScreen.storyboard; sourceTree = "<group>"; };
		76236DC32460FA5F001F270C /* Info.plist */ = {isa = PBXFileReference; lastKnownFileType = text.plist.xml; path = Info.plist; sourceTree = "<group>"; };
		76236DC82460FA5F001F270C /* SellFinalProjectTests.xctest */ = {isa = PBXFileReference; explicitFileType = wrapper.cfbundle; includeInIndex = 0; path = SellFinalProjectTests.xctest; sourceTree = BUILT_PRODUCTS_DIR; };
		76236DCC2460FA5F001F270C /* SellFinalProjectTests.swift */ = {isa = PBXFileReference; lastKnownFileType = sourcecode.swift; path = SellFinalProjectTests.swift; sourceTree = "<group>"; };
		76236DCE2460FA5F001F270C /* Info.plist */ = {isa = PBXFileReference; lastKnownFileType = text.plist.xml; path = Info.plist; sourceTree = "<group>"; };
		76236DD32460FA5F001F270C /* SellFinalProjectUITests.xctest */ = {isa = PBXFileReference; explicitFileType = wrapper.cfbundle; includeInIndex = 0; path = SellFinalProjectUITests.xctest; sourceTree = BUILT_PRODUCTS_DIR; };
		76236DD72460FA5F001F270C /* SellFinalProjectUITests.swift */ = {isa = PBXFileReference; lastKnownFileType = sourcecode.swift; path = SellFinalProjectUITests.swift; sourceTree = "<group>"; };
		76236DD92460FA5F001F270C /* Info.plist */ = {isa = PBXFileReference; lastKnownFileType = text.plist.xml; path = Info.plist; sourceTree = "<group>"; };
		76236DE524610F26001F270C /* images-1.jpg */ = {isa = PBXFileReference; lastKnownFileType = image.jpeg; name = "images-1.jpg"; path = "../../../images-1.jpg"; sourceTree = "<group>"; };
		76236DE624611524001F270C /* ViewControllerTab1.swift */ = {isa = PBXFileReference; lastKnownFileType = sourcecode.swift; path = ViewControllerTab1.swift; sourceTree = "<group>"; };
		76236DE824611715001F270C /* flavor */ = {isa = PBXFileReference; lastKnownFileType = file; name = flavor; path = ../../../flavor; sourceTree = "<group>"; };
		76236DEA246117EE001F270C /* ViewControllerTab3.swift */ = {isa = PBXFileReference; lastKnownFileType = sourcecode.swift; path = ViewControllerTab3.swift; sourceTree = "<group>"; };
		76236DEC2461198A001F270C /* ViewControllerTab4.swift */ = {isa = PBXFileReference; lastKnownFileType = sourcecode.swift; path = ViewControllerTab4.swift; sourceTree = "<group>"; };
/* End PBXFileReference section */

/* Begin PBXFrameworksBuildPhase section */
		76236DAF2460FA5E001F270C /* Frameworks */ = {
			isa = PBXFrameworksBuildPhase;
			buildActionMask = 2147483647;
			files = (
			);
			runOnlyForDeploymentPostprocessing = 0;
		};
		76236DC52460FA5F001F270C /* Frameworks */ = {
			isa = PBXFrameworksBuildPhase;
			buildActionMask = 2147483647;
			files = (
			);
			runOnlyForDeploymentPostprocessing = 0;
		};
		76236DD02460FA5F001F270C /* Frameworks */ = {
			isa = PBXFrameworksBuildPhase;
			buildActionMask = 2147483647;
			files = (
			);
			runOnlyForDeploymentPostprocessing = 0;
		};
/* End PBXFrameworksBuildPhase section */

/* Begin PBXGroup section */
		76236DA92460FA5E001F270C = {
			isa = PBXGroup;
			children = (
				76236DB42460FA5E001F270C /* SellFinalProject */,
				76236DCB2460FA5F001F270C /* SellFinalProjectTests */,
				76236DD62460FA5F001F270C /* SellFinalProjectUITests */,
				76236DB32460FA5E001F270C /* Products */,
			);
			sourceTree = "<group>";
		};
		76236DB32460FA5E001F270C /* Products */ = {
			isa = PBXGroup;
			children = (
				76236DB22460FA5E001F270C /* SellFinalProject.app */,
				76236DC82460FA5F001F270C /* SellFinalProjectTests.xctest */,
				76236DD32460FA5F001F270C /* SellFinalProjectUITests.xctest */,
			);
			name = Products;
			sourceTree = "<group>";
		};
		76236DB42460FA5E001F270C /* SellFinalProject */ = {
			isa = PBXGroup;
			children = (
				76236DB52460FA5E001F270C /* AppDelegate.swift */,
				76236DB72460FA5E001F270C /* SceneDelegate.swift */,
				76236DB92460FA5E001F270C /* ViewController.swift */,
				76236DBB2460FA5E001F270C /* Main.storyboard */,
				76236DEC2461198A001F270C /* ViewControllerTab4.swift */,
				76236DEA246117EE001F270C /* ViewControllerTab3.swift */,
				76236DE624611524001F270C /* ViewControllerTab1.swift */,
				76236DBE2460FA5F001F270C /* Assets.xcassets */,
				76236DC02460FA5F001F270C /* LaunchScreen.storyboard */,
				76236DC32460FA5F001F270C /* Info.plist */,
				76236DE524610F26001F270C /* images-1.jpg */,
				76236DE824611715001F270C /* flavor */,
			);
			path = SellFinalProject;
			sourceTree = "<group>";
		};
		76236DCB2460FA5F001F270C /* SellFinalProjectTests */ = {
			isa = PBXGroup;
			children = (
				76236DCC2460FA5F001F270C /* SellFinalProjectTests.swift */,
				76236DCE2460FA5F001F270C /* Info.plist */,
			);
			path = SellFinalProjectTests;
			sourceTree = "<group>";
		};
		76236DD62460FA5F001F270C /* SellFinalProjectUITests */ = {
			isa = PBXGroup;
			children = (
				76236DD72460FA5F001F270C /* SellFinalProjectUITests.swift */,
				76236DD92460FA5F001F270C /* Info.plist */,
			);
			path = SellFinalProjectUITests;
			sourceTree = "<group>";
		};
/* End PBXGroup section */

/* Begin PBXNativeTarget section */
		76236DB12460FA5E001F270C /* SellFinalProject */ = {
			isa = PBXNativeTarget;
			buildConfigurationList = 76236DDC2460FA5F001F270C /* Build configuration list for PBXNativeTarget "SellFinalProject" */;
			buildPhases = (
				76236DAE2460FA5E001F270C /* Sources */,
				76236DAF2460FA5E001F270C /* Frameworks */,
				76236DB02460FA5E001F270C /* Resources */,
			);
			buildRules = (
			);
			dependencies = (
			);
			name = SellFinalProject;
			productName = SellFinalProject;
			productReference = 76236DB22460FA5E001F270C /* SellFinalProject.app */;
			productType = "com.apple.product-type.application";
		};
		76236DC72460FA5F001F270C /* SellFinalProjectTests */ = {
			isa = PBXNativeTarget;
			buildConfigurationList = 76236DDF2460FA5F001F270C /* Build configuration list for PBXNativeTarget "SellFinalProjectTests" */;
			buildPhases = (
				76236DC42460FA5F001F270C /* Sources */,
				76236DC52460FA5F001F270C /* Frameworks */,
				76236DC62460FA5F001F270C /* Resources */,
			);
			buildRules = (
			);
			dependencies = (
				76236DCA2460FA5F001F270C /* PBXTargetDependency */,
			);
			name = SellFinalProjectTests;
			productName = SellFinalProjectTests;
			productReference = 76236DC82460FA5F001F270C /* SellFinalProjectTests.xctest */;
			productType = "com.apple.product-type.bundle.unit-test";
		};
		76236DD22460FA5F001F270C /* SellFinalProjectUITests */ = {
			isa = PBXNativeTarget;
			buildConfigurationList = 76236DE22460FA5F001F270C /* Build configuration list for PBXNativeTarget "SellFinalProjectUITests" */;
			buildPhases = (
				76236DCF2460FA5F001F270C /* Sources */,
				76236DD02460FA5F001F270C /* Frameworks */,
				76236DD12460FA5F001F270C /* Resources */,
			);
			buildRules = (
			);
			dependencies = (
				76236DD52460FA5F001F270C /* PBXTargetDependency */,
			);
			name = SellFinalProjectUITests;
			productName = SellFinalProjectUITests;
			productReference = 76236DD32460FA5F001F270C /* SellFinalProjectUITests.xctest */;
			productType = "com.apple.product-type.bundle.ui-testing";
		};
/* End PBXNativeTarget section */

/* Begin PBXProject section */
		76236DAA2460FA5E001F270C /* Project object */ = {
			isa = PBXProject;
			attributes = {
				LastSwiftUpdateCheck = 1130;
				LastUpgradeCheck = 1130;
				ORGANIZATIONNAME = "Remy Sell";
				TargetAttributes = {
					76236DB12460FA5E001F270C = {
						CreatedOnToolsVersion = 11.3.1;
					};
					76236DC72460FA5F001F270C = {
						CreatedOnToolsVersion = 11.3.1;
						TestTargetID = 76236DB12460FA5E001F270C;
					};
					76236DD22460FA5F001F270C = {
						CreatedOnToolsVersion = 11.3.1;
						TestTargetID = 76236DB12460FA5E001F270C;
					};
				};
			};
			buildConfigurationList = 76236DAD2460FA5E001F270C /* Build configuration list for PBXProject "SellFinalProject" */;
			compatibilityVersion = "Xcode 9.3";
			developmentRegion = en;
			hasScannedForEncodings = 0;
			knownRegions = (
				en,
				Base,
			);
			mainGroup = 76236DA92460FA5E001F270C;
			productRefGroup = 76236DB32460FA5E001F270C /* Products */;
			projectDirPath = "";
			projectRoot = "";
			targets = (
				76236DB12460FA5E001F270C /* SellFinalProject */,
				76236DC72460FA5F001F270C /* SellFinalProjectTests */,
				76236DD22460FA5F001F270C /* SellFinalProjectUITests */,
			);
		};
/* End PBXProject section */

/* Begin PBXResourcesBuildPhase section */
		76236DB02460FA5E001F270C /* Resources */ = {
			isa = PBXResourcesBuildPhase;
			buildActionMask = 2147483647;
			files = (
				76236DC22460FA5F001F270C /* LaunchScreen.storyboard in Resources */,
				76236DBF2460FA5F001F270C /* Assets.xcassets in Resources */,
				76236DBD2460FA5E001F270C /* Main.storyboard in Resources */,
				76236DE924611715001F270C /* flavor in Resources */,
			);
			runOnlyForDeploymentPostprocessing = 0;
		};
		76236DC62460FA5F001F270C /* Resources */ = {
			isa = PBXResourcesBuildPhase;
			buildActionMask = 2147483647;
			files = (
			);
			runOnlyForDeploymentPostprocessing = 0;
		};
		76236DD12460FA5F001F270C /* Resources */ = {
			isa = PBXResourcesBuildPhase;
			buildActionMask = 2147483647;
			files = (
			);
			runOnlyForDeploymentPostprocessing = 0;
		};
/* End PBXResourcesBuildPhase section */

/* Begin PBXSourcesBuildPhase section */
		76236DAE2460FA5E001F270C /* Sources */ = {
			isa = PBXSourcesBuildPhase;
			buildActionMask = 2147483647;
			files = (
				76236DBA2460FA5E001F270C /* ViewController.swift in Sources */,
				76236DED2461198A001F270C /* ViewControllerTab4.swift in Sources */,
				76236DEB246117EE001F270C /* ViewControllerTab3.swift in Sources */,
				76236DB62460FA5E001F270C /* AppDelegate.swift in Sources */,
				76236DE724611524001F270C /* ViewControllerTab1.swift in Sources */,
				76236DB82460FA5E001F270C /* SceneDelegate.swift in Sources */,
			);
			runOnlyForDeploymentPostprocessing = 0;
		};
		76236DC42460FA5F001F270C /* Sources */ = {
			isa = PBXSourcesBuildPhase;
			buildActionMask = 2147483647;
			files = (
				76236DCD2460FA5F001F270C /* SellFinalProjectTests.swift in Sources */,
			);
			runOnlyForDeploymentPostprocessing = 0;
		};
		76236DCF2460FA5F001F270C /* Sources */ = {
			isa = PBXSourcesBuildPhase;
			buildActionMask = 2147483647;
			files = (
				76236DD82460FA5F001F270C /* SellFinalProjectUITests.swift in Sources */,
			);
			runOnlyForDeploymentPostprocessing = 0;
		};
/* End PBXSourcesBuildPhase section */

/* Begin PBXTargetDependency section */
		76236DCA2460FA5F001F270C /* PBXTargetDependency */ = {
			isa = PBXTargetDependency;
			target = 76236DB12460FA5E001F270C /* SellFinalProject */;
			targetProxy = 76236DC92460FA5F001F270C /* PBXContainerItemProxy */;
		};
		76236DD52460FA5F001F270C /* PBXTargetDependency */ = {
			isa = PBXTargetDependency;
			target = 76236DB12460FA5E001F270C /* SellFinalProject */;
			targetProxy = 76236DD42460FA5F001F270C /* PBXContainerItemProxy */;
		};
/* End PBXTargetDependency section */

/* Begin PBXVariantGroup section */
		76236DBB2460FA5E001F270C /* Main.storyboard */ = {
			isa = PBXVariantGroup;
			children = (
				76236DBC2460FA5E001F270C /* Base */,
			);
			name = Main.storyboard;
			sourceTree = "<group>";
		};
		76236DC02460FA5F001F270C /* LaunchScreen.storyboard */ = {
			isa = PBXVariantGroup;
			children = (
				76236DC12460FA5F001F270C /* Base */,
			);
			name = LaunchScreen.storyboard;
			sourceTree = "<group>";
		};
/* End PBXVariantGroup section */

/* Begin XCBuildConfiguration section */
		76236DDA2460FA5F001F270C /* Debug */ = {
			isa = XCBuildConfiguration;
			buildSettings = {
				ALWAYS_SEARCH_USER_PATHS = NO;
				CLANG_ANALYZER_NONNULL = YES;
				CLANG_ANALYZER_NUMBER_OBJECT_CONVERSION = YES_AGGRESSIVE;
				CLANG_CXX_LANGUAGE_STANDARD = "gnu++14";
				CLANG_CXX_LIBRARY = "libc++";
				CLANG_ENABLE_MODULES = YES;
				CLANG_ENABLE_OBJC_ARC = YES;
				CLANG_ENABLE_OBJC_WEAK = YES;
				CLANG_WARN_BLOCK_CAPTURE_AUTORELEASING = YES;
				CLANG_WARN_BOOL_CONVERSION = YES;
				CLANG_WARN_COMMA = YES;
				CLANG_WARN_CONSTANT_CONVERSION = YES;
				CLANG_WARN_DEPRECATED_OBJC_IMPLEMENTATIONS = YES;
				CLANG_WARN_DIRECT_OBJC_ISA_USAGE = YES_ERROR;
				CLANG_WARN_DOCUMENTATION_COMMENTS = YES;
				CLANG_WARN_EMPTY_BODY = YES;
				CLANG_WARN_ENUM_CONVERSION = YES;
				CLANG_WARN_INFINITE_RECURSION = YES;
				CLANG_WARN_INT_CONVERSION = YES;
				CLANG_WARN_NON_LITERAL_NULL_CONVERSION = YES;
				CLANG_WARN_OBJC_IMPLICIT_RETAIN_SELF = YES;
				CLANG_WARN_OBJC_LITERAL_CONVERSION = YES;
				CLANG_WARN_OBJC_ROOT_CLASS = YES_ERROR;
				CLANG_WARN_RANGE_LOOP_ANALYSIS = YES;
				CLANG_WARN_STRICT_PROTOTYPES = YES;
				CLANG_WARN_SUSPICIOUS_MOVE = YES;
				CLANG_WARN_UNGUARDED_AVAILABILITY = YES_AGGRESSIVE;
				CLANG_WARN_UNREACHABLE_CODE = YES;
				CLANG_WARN__DUPLICATE_METHOD_MATCH = YES;
				COPY_PHASE_STRIP = NO;
				DEBUG_INFORMATION_FORMAT = dwarf;
				ENABLE_STRICT_OBJC_MSGSEND = YES;
				ENABLE_TESTABILITY = YES;
				GCC_C_LANGUAGE_STANDARD = gnu11;
				GCC_DYNAMIC_NO_PIC = NO;
				GCC_NO_COMMON_BLOCKS = YES;
				GCC_OPTIMIZATION_LEVEL = 0;
				GCC_PREPROCESSOR_DEFINITIONS = (
					"DEBUG=1",
					"$(inherited)",
				);
				GCC_WARN_64_TO_32_BIT_CONVERSION = YES;
				GCC_WARN_ABOUT_RETURN_TYPE = YES_ERROR;
				GCC_WARN_UNDECLARED_SELECTOR = YES;
				GCC_WARN_UNINITIALIZED_AUTOS = YES_AGGRESSIVE;
				GCC_WARN_UNUSED_FUNCTION = YES;
				GCC_WARN_UNUSED_VARIABLE = YES;
				IPHONEOS_DEPLOYMENT_TARGET = 13.2;
				MTL_ENABLE_DEBUG_INFO = INCLUDE_SOURCE;
				MTL_FAST_MATH = YES;
				ONLY_ACTIVE_ARCH = YES;
				SDKROOT = iphoneos;
				SWIFT_ACTIVE_COMPILATION_CONDITIONS = DEBUG;
				SWIFT_OPTIMIZATION_LEVEL = "-Onone";
			};
			name = Debug;
		};
		76236DDB2460FA5F001F270C /* Release */ = {
			isa = XCBuildConfiguration;
			buildSettings = {
				ALWAYS_SEARCH_USER_PATHS = NO;
				CLANG_ANALYZER_NONNULL = YES;
				CLANG_ANALYZER_NUMBER_OBJECT_CONVERSION = YES_AGGRESSIVE;
				CLANG_CXX_LANGUAGE_STANDARD = "gnu++14";
				CLANG_CXX_LIBRARY = "libc++";
				CLANG_ENABLE_MODULES = YES;
				CLANG_ENABLE_OBJC_ARC = YES;
				CLANG_ENABLE_OBJC_WEAK = YES;
				CLANG_WARN_BLOCK_CAPTURE_AUTORELEASING = YES;
				CLANG_WARN_BOOL_CONVERSION = YES;
				CLANG_WARN_COMMA = YES;
				CLANG_WARN_CONSTANT_CONVERSION = YES;
				CLANG_WARN_DEPRECATED_OBJC_IMPLEMENTATIONS = YES;
				CLANG_WARN_DIRECT_OBJC_ISA_USAGE = YES_ERROR;
				CLANG_WARN_DOCUMENTATION_COMMENTS = YES;
				CLANG_WARN_EMPTY_BODY = YES;
				CLANG_WARN_ENUM_CONVERSION = YES;
				CLANG_WARN_INFINITE_RECURSION = YES;
				CLANG_WARN_INT_CONVERSION = YES;
				CLANG_WARN_NON_LITERAL_NULL_CONVERSION = YES;
				CLANG_WARN_OBJC_IMPLICIT_RETAIN_SELF = YES;
				CLANG_WARN_OBJC_LITERAL_CONVERSION = YES;
				CLANG_WARN_OBJC_ROOT_CLASS = YES_ERROR;
				CLANG_WARN_RANGE_LOOP_ANALYSIS = YES;
				CLANG_WARN_STRICT_PROTOTYPES = YES;
				CLANG_WARN_SUSPICIOUS_MOVE = YES;
				CLANG_WARN_UNGUARDED_AVAILABILITY = YES_AGGRESSIVE;
				CLANG_WARN_UNREACHABLE_CODE = YES;
				CLANG_WARN__DUPLICATE_METHOD_MATCH = YES;
				COPY_PHASE_STRIP = NO;
				DEBUG_INFORMATION_FORMAT = "dwarf-with-dsym";
				ENABLE_NS_ASSERTIONS = NO;
				ENABLE_STRICT_OBJC_MSGSEND = YES;
				GCC_C_LANGUAGE_STANDARD = gnu11;
				GCC_NO_COMMON_BLOCKS = YES;
				GCC_WARN_64_TO_32_BIT_CONVERSION = YES;
				GCC_WARN_ABOUT_RETURN_TYPE = YES_ERROR;
				GCC_WARN_UNDECLARED_SELECTOR = YES;
				GCC_WARN_UNINITIALIZED_AUTOS = YES_AGGRESSIVE;
				GCC_WARN_UNUSED_FUNCTION = YES;
				GCC_WARN_UNUSED_VARIABLE = YES;
				IPHONEOS_DEPLOYMENT_TARGET = 13.2;
				MTL_ENABLE_DEBUG_INFO = NO;
				MTL_FAST_MATH = YES;
				SDKROOT = iphoneos;
				SWIFT_COMPILATION_MODE = wholemodule;
				SWIFT_OPTIMIZATION_LEVEL = "-O";
				VALIDATE_PRODUCT = YES;
			};
			name = Release;
		};
		76236DDD2460FA5F001F270C /* Debug */ = {
			isa = XCBuildConfiguration;
			buildSettings = {
				ASSETCATALOG_COMPILER_APPICON_NAME = AppIcon;
				CODE_SIGN_STYLE = Automatic;
				DEVELOPMENT_TEAM = KKGF2YN332;
				INFOPLIST_FILE = SellFinalProject/Info.plist;
				LD_RUNPATH_SEARCH_PATHS = (
					"$(inherited)",
					"@executable_path/Frameworks",
				);
				PRODUCT_BUNDLE_IDENTIFIER = remysell.SellFinalProject;
				PRODUCT_NAME = "$(TARGET_NAME)";
				SWIFT_VERSION = 5.0;
				TARGETED_DEVICE_FAMILY = "1,2";
			};
			name = Debug;
		};
		76236DDE2460FA5F001F270C /* Release */ = {
			isa = XCBuildConfiguration;
			buildSettings = {
				ASSETCATALOG_COMPILER_APPICON_NAME = AppIcon;
				CODE_SIGN_STYLE = Automatic;
				DEVELOPMENT_TEAM = KKGF2YN332;
				INFOPLIST_FILE = SellFinalProject/Info.plist;
				LD_RUNPATH_SEARCH_PATHS = (
					"$(inherited)",
					"@executable_path/Frameworks",
				);
				PRODUCT_BUNDLE_IDENTIFIER = remysell.SellFinalProject;
				PRODUCT_NAME = "$(TARGET_NAME)";
				SWIFT_VERSION = 5.0;
				TARGETED_DEVICE_FAMILY = "1,2";
			};
			name = Release;
		};
		76236DE02460FA5F001F270C /* Debug */ = {
			isa = XCBuildConfiguration;
			buildSettings = {
				ALWAYS_EMBED_SWIFT_STANDARD_LIBRARIES = YES;
				BUNDLE_LOADER = "$(TEST_HOST)";
				CODE_SIGN_STYLE = Automatic;
				DEVELOPMENT_TEAM = KKGF2YN332;
				INFOPLIST_FILE = SellFinalProjectTests/Info.plist;
				IPHONEOS_DEPLOYMENT_TARGET = 13.2;
				LD_RUNPATH_SEARCH_PATHS = (
					"$(inherited)",
					"@executable_path/Frameworks",
					"@loader_path/Frameworks",
				);
				PRODUCT_BUNDLE_IDENTIFIER = remysell.SellFinalProjectTests;
				PRODUCT_NAME = "$(TARGET_NAME)";
				SWIFT_VERSION = 5.0;
				TARGETED_DEVICE_FAMILY = "1,2";
				TEST_HOST = "$(BUILT_PRODUCTS_DIR)/SellFinalProject.app/SellFinalProject";
			};
			name = Debug;
		};
		76236DE12460FA5F001F270C /* Release */ = {
			isa = XCBuildConfiguration;
			buildSettings = {
				ALWAYS_EMBED_SWIFT_STANDARD_LIBRARIES = YES;
				BUNDLE_LOADER = "$(TEST_HOST)";
				CODE_SIGN_STYLE = Automatic;
				DEVELOPMENT_TEAM = KKGF2YN332;
				INFOPLIST_FILE = SellFinalProjectTests/Info.plist;
				IPHONEOS_DEPLOYMENT_TARGET = 13.2;
				LD_RUNPATH_SEARCH_PATHS = (
					"$(inherited)",
					"@executable_path/Frameworks",
					"@loader_path/Frameworks",
				);
				PRODUCT_BUNDLE_IDENTIFIER = remysell.SellFinalProjectTests;
				PRODUCT_NAME = "$(TARGET_NAME)";
				SWIFT_VERSION = 5.0;
				TARGETED_DEVICE_FAMILY = "1,2";
				TEST_HOST = "$(BUILT_PRODUCTS_DIR)/SellFinalProject.app/SellFinalProject";
			};
			name = Release;
		};
		76236DE32460FA5F001F270C /* Debug */ = {
			isa = XCBuildConfiguration;
			buildSettings = {
				ALWAYS_EMBED_SWIFT_STANDARD_LIBRARIES = YES;
				CODE_SIGN_STYLE = Automatic;
				DEVELOPMENT_TEAM = KKGF2YN332;
				INFOPLIST_FILE = SellFinalProjectUITests/Info.plist;
				LD_RUNPATH_SEARCH_PATHS = (
					"$(inherited)",
					"@executable_path/Frameworks",
					"@loader_path/Frameworks",
				);
				PRODUCT_BUNDLE_IDENTIFIER = remysell.SellFinalProjectUITests;
				PRODUCT_NAME = "$(TARGET_NAME)";
				SWIFT_VERSION = 5.0;
				TARGETED_DEVICE_FAMILY = "1,2";
				TEST_TARGET_NAME = SellFinalProject;
			};
			name = Debug;
		};
		76236DE42460FA5F001F270C /* Release */ = {
			isa = XCBuildConfiguration;
			buildSettings = {
				ALWAYS_EMBED_SWIFT_STANDARD_LIBRARIES = YES;
				CODE_SIGN_STYLE = Automatic;
				DEVELOPMENT_TEAM = KKGF2YN332;
				INFOPLIST_FILE = SellFinalProjectUITests/Info.plist;
				LD_RUNPATH_SEARCH_PATHS = (
					"$(inherited)",
					"@executable_path/Frameworks",
					"@loader_path/Frameworks",
				);
				PRODUCT_BUNDLE_IDENTIFIER = remysell.SellFinalProjectUITests;
				PRODUCT_NAME = "$(TARGET_NAME)";
				SWIFT_VERSION = 5.0;
				TARGETED_DEVICE_FAMILY = "1,2";
				TEST_TARGET_NAME = SellFinalProject;
			};
			name = Release;
		};
/* End XCBuildConfiguration section */

/* Begin XCConfigurationList section */
		76236DAD2460FA5E001F270C /* Build configuration list for PBXProject "SellFinalProject" */ = {
			isa = XCConfigurationList;
			buildConfigurations = (
				76236DDA2460FA5F001F270C /* Debug */,
				76236DDB2460FA5F001F270C /* Release */,
			);
			defaultConfigurationIsVisible = 0;
			defaultConfigurationName = Release;
		};
		76236DDC2460FA5F001F270C /* Build configuration list for PBXNativeTarget "SellFinalProject" */ = {
			isa = XCConfigurationList;
			buildConfigurations = (
				76236DDD2460FA5F001F270C /* Debug */,
				76236DDE2460FA5F001F270C /* Release */,
			);
			defaultConfigurationIsVisible = 0;
			defaultConfigurationName = Release;
		};
		76236DDF2460FA5F001F270C /* Build configuration list for PBXNativeTarget "SellFinalProjectTests" */ = {
			isa = XCConfigurationList;
			buildConfigurations = (
				76236DE02460FA5F001F270C /* Debug */,
				76236DE12460FA5F001F270C /* Release */,
			);
			defaultConfigurationIsVisible = 0;
			defaultConfigurationName = Release;
		};
		76236DE22460FA5F001F270C /* Build configuration list for PBXNativeTarget "SellFinalProjectUITests" */ = {
			isa = XCConfigurationList;
			buildConfigurations = (
				76236DE32460FA5F001F270C /* Debug */,
				76236DE42460FA5F001F270C /* Release */,
			);
			defaultConfigurationIsVisible = 0;
			defaultConfigurationName = Release;
		};
/* End XCConfigurationList section */
	};
	rootObject = 76236DAA2460FA5E001F270C /* Project object */;
}
